
Microsoft Visual Studio Solution File, Format Version 12.00
# Visual Studio Version 17
VisualStudioVersion = 17.7.34221.43
MinimumVisualStudioVersion = 10.0.40219.1
Project("{FAE04EC0-301F-11D3-BF4B-00C04F79EFBC}") = "ConsoleAppDay11Assignment", "ConsoleAppDay11Assignment\ConsoleAppDay11Assignment.csproj", "{8DF70751-3E46-4A1D-882D-DEEC1AA75698}"
EndProject
Global
	GlobalSection(SolutionConfigurationPlatforms) = preSolution
		Debug|Any CPU = Debug|Any CPU
		Release|Any CPU = Release|Any CPU
	EndGlobalSection
	GlobalSection(ProjectConfigurationPlatforms) = postSolution
		{8DF70751-3E46-4A1D-882D-DEEC1AA75698}.Debug|Any CPU.ActiveCfg = Debug|Any CPU
		{8DF70751-3E46-4A1D-882D-DEEC1AA75698}.Debug|Any CPU.Build.0 = Debug|Any CPU
		{8DF70751-3E46-4A1D-882D-DEEC1AA75698}.Release|Any CPU.ActiveCfg = Release|Any CPU
		{8DF70751-3E46-4A1D-882D-DEEC1AA75698}.Release|Any CPU.Build.0 = Release|Any CPU
	EndGlobalSection
	GlobalSection(SolutionProperties) = preSolution
		HideSolutionNode = FALSE
	EndGlobalSection
	GlobalSection(ExtensibilityGlobals) = postSolution
		SolutionGuid = {BEAD3D46-717A-4561-B129-71633922E12E}
	EndGlobalSection
EndGlobal
